// !$*UTF8*$!
{
	archiveVersion = 1;
	classes = {
	};
	objectVersion = 46;
	objects = {

/* Begin PBXBuildFile section */
		74C8EF211CE57B1E009ACE42 /* main.m in Sources */ = {isa = PBXBuildFile; fileRef = 74C8EF201CE57B1E009ACE42 /* main.m */; };
		74C8EF241CE57B1E009ACE42 /* AppDelegate.m in Sources */ = {isa = PBXBuildFile; fileRef = 74C8EF231CE57B1E009ACE42 /* AppDelegate.m */; };
		74C8EF271CE57B1E009ACE42 /* ViewController.m in Sources */ = {isa = PBXBuildFile; fileRef = 74C8EF261CE57B1E009ACE42 /* ViewController.m */; };
		74C8EF2A1CE57B1E009ACE42 /* Main.storyboard in Resources */ = {isa = PBXBuildFile; fileRef = 74C8EF281CE57B1E009ACE42 /* Main.storyboard */; };
		74C8EF2C1CE57B1E009ACE42 /* Assets.xcassets in Resources */ = {isa = PBXBuildFile; fileRef = 74C8EF2B1CE57B1E009ACE42 /* Assets.xcassets */; };
		74C8EF2F1CE57B1E009ACE42 /* LaunchScreen.storyboard in Resources */ = {isa = PBXBuildFile; fileRef = 74C8EF2D1CE57B1E009ACE42 /* LaunchScreen.storyboard */; };
		74C8EF3A1CE57B1E009ACE42 /* runtimePracticeTests.m in Sources */ = {isa = PBXBuildFile; fileRef = 74C8EF391CE57B1E009ACE42 /* runtimePracticeTests.m */; };
		74C8EF451CE57B1E009ACE42 /* runtimePracticeUITests.m in Sources */ = {isa = PBXBuildFile; fileRef = 74C8EF441CE57B1E009ACE42 /* runtimePracticeUITests.m */; };
/* End PBXBuildFile section */

/* Begin PBXContainerItemProxy section */
		74C8EF361CE57B1E009ACE42 /* PBXContainerItemProxy */ = {
			isa = PBXContainerItemProxy;
			containerPortal = 74C8EF141CE57B1E009ACE42 /* Project object */;
			proxyType = 1;
			remoteGlobalIDString = 74C8EF1B1CE57B1E009ACE42;
			remoteInfo = runtimePractice;
		};
		74C8EF411CE57B1E009ACE42 /* PBXContainerItemProxy */ = {
			isa = PBXContainerItemProxy;
			containerPortal = 74C8EF141CE57B1E009ACE42 /* Project object */;
			proxyType = 1;
			remoteGlobalIDString = 74C8EF1B1CE57B1E009ACE42;
			remoteInfo = runtimePractice;
		};
/* End PBXContainerItemProxy section */

/* Begin PBXFileReference section */
		74C8EF1C1CE57B1E009ACE42 /* runtimePractice.app */ = {isa = PBXFileReference; explicitFileType = wrapper.application; includeInIndex = 0; path = runtimePractice.app; sourceTree = BUILT_PRODUCTS_DIR; };
		74C8EF201CE57B1E009ACE42 /* main.m */ = {isa = PBXFileReference; lastKnownFileType = sourcecode.c.objc; path = main.m; sourceTree = "<group>"; };
		74C8EF221CE57B1E009ACE42 /* AppDelegate.h */ = {isa = PBXFileReference; lastKnownFileType = sourcecode.c.h; path = AppDelegate.h; sourceTree = "<group>"; };
		74C8EF231CE57B1E009ACE42 /* AppDelegate.m */ = {isa = PBXFileReference; lastKnownFileType = sourcecode.c.objc; path = AppDelegate.m; sourceTree = "<group>"; };
		74C8EF251CE57B1E009ACE42 /* ViewController.h */ = {isa = PBXFileReference; lastKnownFileType = sourcecode.c.h; path = ViewController.h; sourceTree = "<group>"; };
		74C8EF261CE57B1E009ACE42 /* ViewController.m */ = {isa = PBXFileReference; lastKnownFileType = sourcecode.c.objc; path = ViewController.m; sourceTree = "<group>"; };
		74C8EF291CE57B1E009ACE42 /* Base */ = {isa = PBXFileReference; lastKnownFileType = file.storyboard; name = Base; path = Base.lproj/Main.storyboard; sourceTree = "<group>"; };
		74C8EF2B1CE57B1E009ACE42 /* Assets.xcassets */ = {isa = PBXFileReference; lastKnownFileType = folder.assetcatalog; path = Assets.xcassets; sourceTree = "<group>"; };
		74C8EF2E1CE57B1E009ACE42 /* Base */ = {isa = PBXFileReference; lastKnownFileType = file.storyboard; name = Base; path = Base.lproj/LaunchScreen.storyboard; sourceTree = "<group>"; };
		74C8EF301CE57B1E009ACE42 /* Info.plist */ = {isa = PBXFileReference; lastKnownFileType = text.plist.xml; path = Info.plist; sourceTree = "<group>"; };
		74C8EF351CE57B1E009ACE42 /* runtimePracticeTests.xctest */ = {isa = PBXFileReference; explicitFileType = wrapper.cfbundle; includeInIndex = 0; path = runtimePracticeTests.xctest; sourceTree = BUILT_PRODUCTS_DIR; };
		74C8EF391CE57B1E009ACE42 /* runtimePracticeTests.m */ = {isa = PBXFileReference; lastKnownFileType = sourcecode.c.objc; path = runtimePracticeTests.m; sourceTree = "<group>"; };
		74C8EF3B1CE57B1E009ACE42 /* Info.plist */ = {isa = PBXFileReference; lastKnownFileType = text.plist.xml; path = Info.plist; sourceTree = "<group>"; };
		74C8EF401CE57B1E009ACE42 /* runtimePracticeUITests.xctest */ = {isa = PBXFileReference; explicitFileType = wrapper.cfbundle; includeInIndex = 0; path = runtimePracticeUITests.xctest; sourceTree = BUILT_PRODUCTS_DIR; };
		74C8EF441CE57B1E009ACE42 /* runtimePracticeUITests.m */ = {isa = PBXFileReference; lastKnownFileType = sourcecode.c.objc; path = runtimePracticeUITests.m; sourceTree = "<group>"; };
		74C8EF461CE57B1E009ACE42 /* Info.plist */ = {isa = PBXFileReference; lastKnownFileType = text.plist.xml; path = Info.plist; sourceTree = "<group>"; };
/* End PBXFileReference section */

/* Begin PBXFrameworksBuildPhase section */
		74C8EF191CE57B1E009ACE42 /* Frameworks */ = {
			isa = PBXFrameworksBuildPhase;
			buildActionMask = 2147483647;
			files = (
			);
			runOnlyForDeploymentPostprocessing = 0;
		};
		74C8EF321CE57B1E009ACE42 /* Frameworks */ = {
			isa = PBXFrameworksBuildPhase;
			buildActionMask = 2147483647;
			files = (
			);
			runOnlyForDeploymentPostprocessing = 0;
		};
		74C8EF3D1CE57B1E009ACE42 /* Frameworks */ = {
			isa = PBXFrameworksBuildPhase;
			buildActionMask = 2147483647;
			files = (
			);
			runOnlyForDeploymentPostprocessing = 0;
		};
/* End PBXFrameworksBuildPhase section */

/* Begin PBXGroup section */
		74C8EF131CE57B1E009ACE42 = {
			isa = PBXGroup;
			children = (
				74C8EF1E1CE57B1E009ACE42 /* runtimePractice */,
				74C8EF381CE57B1E009ACE42 /* runtimePracticeTests */,
				74C8EF431CE57B1E009ACE42 /* runtimePracticeUITests */,
				74C8EF1D1CE57B1E009ACE42 /* Products */,
			);
			sourceTree = "<group>";
		};
		74C8EF1D1CE57B1E009ACE42 /* Products */ = {
			isa = PBXGroup;
			children = (
				74C8EF1C1CE57B1E009ACE42 /* runtimePractice.app */,
				74C8EF351CE57B1E009ACE42 /* runtimePracticeTests.xctest */,
				74C8EF401CE57B1E009ACE42 /* runtimePracticeUITests.xctest */,
			);
			name = Products;
			sourceTree = "<group>";
		};
		74C8EF1E1CE57B1E009ACE42 /* runtimePractice */ = {
			isa = PBXGroup;
			children = (
				74C8EF221CE57B1E009ACE42 /* AppDelegate.h */,
				74C8EF231CE57B1E009ACE42 /* AppDelegate.m */,
				74C8EF251CE57B1E009ACE42 /* ViewController.h */,
				74C8EF261CE57B1E009ACE42 /* ViewController.m */,
				74C8EF281CE57B1E009ACE42 /* Main.storyboard */,
				74C8EF2B1CE57B1E009ACE42 /* Assets.xcassets */,
				74C8EF2D1CE57B1E009ACE42 /* LaunchScreen.storyboard */,
				74C8EF301CE57B1E009ACE42 /* Info.plist */,
				74C8EF1F1CE57B1E009ACE42 /* Supporting Files */,
			);
			path = runtimePractice;
			sourceTree = "<group>";
		};
		74C8EF1F1CE57B1E009ACE42 /* Supporting Files */ = {
			isa = PBXGroup;
			children = (
				74C8EF201CE57B1E009ACE42 /* main.m */,
			);
			name = "Supporting Files";
			sourceTree = "<group>";
		};
		74C8EF381CE57B1E009ACE42 /* runtimePracticeTests */ = {
			isa = PBXGroup;
			children = (
				74C8EF391CE57B1E009ACE42 /* runtimePracticeTests.m */,
				74C8EF3B1CE57B1E009ACE42 /* Info.plist */,
			);
			path = runtimePracticeTests;
			sourceTree = "<group>";
		};
		74C8EF431CE57B1E009ACE42 /* runtimePracticeUITests */ = {
			isa = PBXGroup;
			children = (
				74C8EF441CE57B1E009ACE42 /* runtimePracticeUITests.m */,
				74C8EF461CE57B1E009ACE42 /* Info.plist */,
			);
			path = runtimePracticeUITests;
			sourceTree = "<group>";
		};
/* End PBXGroup section */

/* Begin PBXNativeTarget section */
		74C8EF1B1CE57B1E009ACE42 /* runtimePractice */ = {
			isa = PBXNativeTarget;
			buildConfigurationList = 74C8EF491CE57B1E009ACE42 /* Build configuration list for PBXNativeTarget "runtimePractice" */;
			buildPhases = (
				74C8EF181CE57B1E009ACE42 /* Sources */,
				74C8EF191CE57B1E009ACE42 /* Frameworks */,
				74C8EF1A1CE57B1E009ACE42 /* Resources */,
			);
			buildRules = (
			);
			dependencies = (
			);
			name = runtimePractice;
			productName = runtimePractice;
			productReference = 74C8EF1C1CE57B1E009ACE42 /* runtimePractice.app */;
			productType = "com.apple.product-type.application";
		};
		74C8EF341CE57B1E009ACE42 /* runtimePracticeTests */ = {
			isa = PBXNativeTarget;
			buildConfigurationList = 74C8EF4C1CE57B1E009ACE42 /* Build configuration list for PBXNativeTarget "runtimePracticeTests" */;
			buildPhases = (
				74C8EF311CE57B1E009ACE42 /* Sources */,
				74C8EF321CE57B1E009ACE42 /* Frameworks */,
				74C8EF331CE57B1E009ACE42 /* Resources */,
			);
			buildRules = (
			);
			dependencies = (
				74C8EF371CE57B1E009ACE42 /* PBXTargetDependency */,
			);
			name = runtimePracticeTests;
			productName = runtimePracticeTests;
			productReference = 74C8EF351CE57B1E009ACE42 /* runtimePracticeTests.xctest */;
			productType = "com.apple.product-type.bundle.unit-test";
		};
		74C8EF3F1CE57B1E009ACE42 /* runtimePracticeUITests */ = {
			isa = PBXNativeTarget;
			buildConfigurationList = 74C8EF4F1CE57B1E009ACE42 /* Build configuration list for PBXNativeTarget "runtimePracticeUITests" */;
			buildPhases = (
				74C8EF3C1CE57B1E009ACE42 /* Sources */,
				74C8EF3D1CE57B1E009ACE42 /* Frameworks */,
				74C8EF3E1CE57B1E009ACE42 /* Resources */,
			);
			buildRules = (
			);
			dependencies = (
				74C8EF421CE57B1E009ACE42 /* PBXTargetDependency */,
			);
			name = runtimePracticeUITests;
			productName = runtimePracticeUITests;
			productReference = 74C8EF401CE57B1E009ACE42 /* runtimePracticeUITests.xctest */;
			productType = "com.apple.product-type.bundle.ui-testing";
		};
/* End PBXNativeTarget section */

/* Begin PBXProject section */
		74C8EF141CE57B1E009ACE42 /* Project object */ = {
			isa = PBXProject;
			attributes = {
				LastUpgradeCheck = 0730;
				ORGANIZATIONNAME = ChenYingPing;
				TargetAttributes = {
					74C8EF1B1CE57B1E009ACE42 = {
						CreatedOnToolsVersion = 7.3;
					};
					74C8EF341CE57B1E009ACE42 = {
						CreatedOnToolsVersion = 7.3;
						TestTargetID = 74C8EF1B1CE57B1E009ACE42;
					};
					74C8EF3F1CE57B1E009ACE42 = {
						CreatedOnToolsVersion = 7.3;
						TestTargetID = 74C8EF1B1CE57B1E009ACE42;
					};
				};
			};
			buildConfigurationList = 74C8EF171CE57B1E009ACE42 /* Build configuration list for PBXProject "runtimePractice" */;
			compatibilityVersion = "Xcode 3.2";
			developmentRegion = English;
			hasScannedForEncodings = 0;
			knownRegions = (
				en,
				Base,
			);
			mainGroup = 74C8EF131CE57B1E009ACE42;
			productRefGroup = 74C8EF1D1CE57B1E009ACE42 /* Products */;
			projectDirPath = "";
			projectRoot = "";
			targets = (
				74C8EF1B1CE57B1E009ACE42 /* runtimePractice */,
				74C8EF341CE57B1E009ACE42 /* runtimePracticeTests */,
				74C8EF3F1CE57B1E009ACE42 /* runtimePracticeUITests */,
			);
		};
/* End PBXProject section */

/* Begin PBXResourcesBuildPhase section */
		74C8EF1A1CE57B1E009ACE42 /* Resources */ = {
			isa = PBXResourcesBuildPhase;
			buildActionMask = 2147483647;
			files = (
				74C8EF2F1CE57B1E009ACE42 /* LaunchScreen.storyboard in Resources */,
				74C8EF2C1CE57B1E009ACE42 /* Assets.xcassets in Resources */,
				74C8EF2A1CE57B1E009ACE42 /* Main.storyboard in Resources */,
			);
			runOnlyForDeploymentPostprocessing = 0;
		};
		74C8EF331CE57B1E009ACE42 /* Resources */ = {
			isa = PBXResourcesBuildPhase;
			buildActionMask = 2147483647;
			files = (
			);
			runOnlyForDeploymentPostprocessing = 0;
		};
		74C8EF3E1CE57B1E009ACE42 /* Resources */ = {
			isa = PBXResourcesBuildPhase;
			buildActionMask = 2147483647;
			files = (
			);
			runOnlyForDeploymentPostprocessing = 0;
		};
/* End PBXResourcesBuildPhase section */

/* Begin PBXSourcesBuildPhase section */
		74C8EF181CE57B1E009ACE42 /* Sources */ = {
			isa = PBXSourcesBuildPhase;
			buildActionMask = 2147483647;
			files = (
				74C8EF271CE57B1E009ACE42 /* ViewController.m in Sources */,
				74C8EF241CE57B1E009ACE42 /* AppDelegate.m in Sources */,
				74C8EF211CE57B1E009ACE42 /* main.m in Sources */,
			);
			runOnlyForDeploymentPostprocessing = 0;
		};
		74C8EF311CE57B1E009ACE42 /* Sources */ = {
			isa = PBXSourcesBuildPhase;
			buildActionMask = 2147483647;
			files = (
				74C8EF3A1CE57B1E009ACE42 /* runtimePracticeTests.m in Sources */,
			);
			runOnlyForDeploymentPostprocessing = 0;
		};
		74C8EF3C1CE57B1E009ACE42 /* Sources */ = {
			isa = PBXSourcesBuildPhase;
			buildActionMask = 2147483647;
			files = (
				74C8EF451CE57B1E009ACE42 /* runtimePracticeUITests.m in Sources */,
			);
			runOnlyForDeploymentPostprocessing = 0;
		};
/* End PBXSourcesBuildPhase section */

/* Begin PBXTargetDependency section */
		74C8EF371CE57B1E009ACE42 /* PBXTargetDependency */ = {
			isa = PBXTargetDependency;
			target = 74C8EF1B1CE57B1E009ACE42 /* runtimePractice */;
			targetProxy = 74C8EF361CE57B1E009ACE42 /* PBXContainerItemProxy */;
		};
		74C8EF421CE57B1E009ACE42 /* PBXTargetDependency */ = {
			isa = PBXTargetDependency;
			target = 74C8EF1B1CE57B1E009ACE42 /* runtimePractice */;
			targetProxy = 74C8EF411CE57B1E009ACE42 /* PBXContainerItemProxy */;
		};
/* End PBXTargetDependency section */

/* Begin PBXVariantGroup section */
		74C8EF281CE57B1E009ACE42 /* Main.storyboard */ = {
			isa = PBXVariantGroup;
			children = (
				74C8EF291CE57B1E009ACE42 /* Base */,
			);
			name = Main.storyboard;
			sourceTree = "<group>";
		};
		74C8EF2D1CE57B1E009ACE42 /* LaunchScreen.storyboard */ = {
			isa = PBXVariantGroup;
			children = (
				74C8EF2E1CE57B1E009ACE42 /* Base */,
			);
			name = LaunchScreen.storyboard;
			sourceTree = "<group>";
		};
/* End PBXVariantGroup section */

/* Begin XCBuildConfiguration section */
		74C8EF471CE57B1E009ACE42 /* Debug */ = {
			isa = XCBuildConfiguration;
			buildSettings = {
				ALWAYS_SEARCH_USER_PATHS = NO;
				CLANG_ANALYZER_NONNULL = YES;
				CLANG_CXX_LANGUAGE_STANDARD = "gnu++0x";
				CLANG_CXX_LIBRARY = "libc++";
				CLANG_ENABLE_MODULES = YES;
				CLANG_ENABLE_OBJC_ARC = YES;
				CLANG_WARN_BOOL_CONVERSION = YES;
				CLANG_WARN_CONSTANT_CONVERSION = YES;
				CLANG_WARN_DIRECT_OBJC_ISA_USAGE = YES_ERROR;
				CLANG_WARN_EMPTY_BODY = YES;
				CLANG_WARN_ENUM_CONVERSION = YES;
				CLANG_WARN_INT_CONVERSION = YES;
				CLANG_WARN_OBJC_ROOT_CLASS = YES_ERROR;
				CLANG_WARN_UNREACHABLE_CODE = YES;
				CLANG_WARN__DUPLICATE_METHOD_MATCH = YES;
				"CODE_SIGN_IDENTITY[sdk=iphoneos*]" = "iPhone Developer";
				COPY_PHASE_STRIP = NO;
				DEBUG_INFORMATION_FORMAT = dwarf;
				ENABLE_STRICT_OBJC_MSGSEND = YES;
				ENABLE_TESTABILITY = YES;
				GCC_C_LANGUAGE_STANDARD = gnu99;
				GCC_DYNAMIC_NO_PIC = NO;
				GCC_NO_COMMON_BLOCKS = YES;
				GCC_OPTIMIZATION_LEVEL = 0;
				GCC_PREPROCESSOR_DEFINITIONS = (
					"DEBUG=1",
					"$(inherited)",
				);
				GCC_WARN_64_TO_32_BIT_CONVERSION = YES;
				GCC_WARN_ABOUT_RETURN_TYPE = YES_ERROR;
				GCC_WARN_UNDECLARED_SELECTOR = YES;
				GCC_WARN_UNINITIALIZED_AUTOS = YES_AGGRESSIVE;
				GCC_WARN_UNUSED_FUNCTION = YES;
				GCC_WARN_UNUSED_VARIABLE = YES;
				IPHONEOS_DEPLOYMENT_TARGET = 9.3;
				MTL_ENABLE_DEBUG_INFO = YES;
				ONLY_ACTIVE_ARCH = YES;
				SDKROOT = iphoneos;
			};
			name = Debug;
		};
		74C8EF481CE57B1E009ACE42 /* Release */ = {
			isa = XCBuildConfiguration;
			buildSettings = {
				ALWAYS_SEARCH_USER_PATHS = NO;
				CLANG_ANALYZER_NONNULL = YES;
				CLANG_CXX_LANGUAGE_STANDARD = "gnu++0x";
				CLANG_CXX_LIBRARY = "libc++";
				CLANG_ENABLE_MODULES = YES;
				CLANG_ENABLE_OBJC_ARC = YES;
				CLANG_WARN_BOOL_CONVERSION = YES;
				CLANG_WARN_CONSTANT_CONVERSION = YES;
				CLANG_WARN_DIRECT_OBJC_ISA_USAGE = YES_ERROR;
				CLANG_WARN_EMPTY_BODY = YES;
				CLANG_WARN_ENUM_CONVERSION = YES;
				CLANG_WARN_INT_CONVERSION = YES;
				CLANG_WARN_OBJC_ROOT_CLASS = YES_ERROR;
				CLANG_WARN_UNREACHABLE_CODE = YES;
				CLANG_WARN__DUPLICATE_METHOD_MATCH = YES;
				"CODE_SIGN_IDENTITY[sdk=iphoneos*]" = "iPhone Developer";
				COPY_PHASE_STRIP = NO;
				DEBUG_INFORMATION_FORMAT = "dwarf-with-dsym";
				ENABLE_NS_ASSERTIONS = NO;
				ENABLE_STRICT_OBJC_MSGSEND = YES;
				GCC_C_LANGUAGE_STANDARD = gnu99;
				GCC_NO_COMMON_BLOCKS = YES;
				GCC_WARN_64_TO_32_BIT_CONVERSION = YES;
				GCC_WARN_ABOUT_RETURN_TYPE = YES_ERROR;
				GCC_WARN_UNDECLARED_SELECTOR = YES;
				GCC_WARN_UNINITIALIZED_AUTOS = YES_AGGRESSIVE;
				GCC_WARN_UNUSED_FUNCTION = YES;
				GCC_WARN_UNUSED_VARIABLE = YES;
				IPHONEOS_DEPLOYMENT_TARGET = 9.3;
				MTL_ENABLE_DEBUG_INFO = NO;
				SDKROOT = iphoneos;
				VALIDATE_PRODUCT = YES;
			};
			name = Release;
		};
		74C8EF4A1CE57B1E009ACE42 /* Debug */ = {
			isa = XCBuildConfiguration;
			buildSettings = {
				ASSETCATALOG_COMPILER_APPICON_NAME = AppIcon;
				INFOPLIST_FILE = runtimePractice/Info.plist;
				LD_RUNPATH_SEARCH_PATHS = "$(inherited) @executable_path/Frameworks";
				PRODUCT_BUNDLE_IDENTIFIER = com.yx.www.runtimePractice;
				PRODUCT_NAME = "$(TARGET_NAME)";
			};
			name = Debug;
		};
		74C8EF4B1CE57B1E009ACE42 /* Release */ = {
			isa = XCBuildConfiguration;
			buildSettings = {
				ASSETCATALOG_COMPILER_APPICON_NAME = AppIcon;
				INFOPLIST_FILE = runtimePractice/Info.plist;
				LD_RUNPATH_SEARCH_PATHS = "$(inherited) @executable_path/Frameworks";
				PRODUCT_BUNDLE_IDENTIFIER = com.yx.www.runtimePractice;
				PRODUCT_NAME = "$(TARGET_NAME)";
			};
			name = Release;
		};
		74C8EF4D1CE57B1E009ACE42 /* Debug */ = {
			isa = XCBuildConfiguration;
			buildSettings = {
				BUNDLE_LOADER = "$(TEST_HOST)";
				INFOPLIST_FILE = runtimePracticeTests/Info.plist;
				LD_RUNPATH_SEARCH_PATHS = "$(inherited) @executable_path/Frameworks @loader_path/Frameworks";
				PRODUCT_BUNDLE_IDENTIFIER = com.yx.www.runtimePracticeTests;
				PRODUCT_NAME = "$(TARGET_NAME)";
				TEST_HOST = "$(BUILT_PRODUCTS_DIR)/runtimePractice.app/runtimePractice";
			};
			name = Debug;
		};
		74C8EF4E1CE57B1E009ACE42 /* Release */ = {
			isa = XCBuildConfiguration;
			buildSettings = {
				BUNDLE_LOADER = "$(TEST_HOST)";
				INFOPLIST_FILE = runtimePracticeTests/Info.plist;
				LD_RUNPATH_SEARCH_PATHS = "$(inherited) @executable_path/Frameworks @loader_path/Frameworks";
				PRODUCT_BUNDLE_IDENTIFIER = com.yx.www.runtimePracticeTests;
				PRODUCT_NAME = "$(TARGET_NAME)";
				TEST_HOST = "$(BUILT_PRODUCTS_DIR)/runtimePractice.app/runtimePractice";
			};
			name = Release;
		};
		74C8EF501CE57B1E009ACE42 /* Debug */ = {
			isa = XCBuildConfiguration;
			buildSettings = {
				INFOPLIST_FILE = runtimePracticeUITests/Info.plist;
				LD_RUNPATH_SEARCH_PATHS = "$(inherited) @executable_path/Frameworks @loader_path/Frameworks";
				PRODUCT_BUNDLE_IDENTIFIER = com.yx.www.runtimePracticeUITests;
				PRODUCT_NAME = "$(TARGET_NAME)";
				TEST_TARGET_NAME = runtimePractice;
			};
			name = Debug;
		};
		74C8EF511CE57B1E009ACE42 /* Release */ = {
			isa = XCBuildConfiguration;
			buildSettings = {
				INFOPLIST_FILE = runtimePracticeUITests/Info.plist;
				LD_RUNPATH_SEARCH_PATHS = "$(inherited) @executable_path/Frameworks @loader_path/Frameworks";
				PRODUCT_BUNDLE_IDENTIFIER = com.yx.www.runtimePracticeUITests;
				PRODUCT_NAME = "$(TARGET_NAME)";
				TEST_TARGET_NAME = runtimePractice;
			};
			name = Release;
		};
/* End XCBuildConfiguration section */

/* Begin XCConfigurationList section */
		74C8EF171CE57B1E009ACE42 /* Build configuration list for PBXProject "runtimePractice" */ = {
			isa = XCConfigurationList;
			buildConfigurations = (
				74C8EF471CE57B1E009ACE42 /* Debug */,
				74C8EF481CE57B1E009ACE42 /* Release */,
			);
			defaultConfigurationIsVisible = 0;
			defaultConfigurationName = Release;
		};
		74C8EF491CE57B1E009ACE42 /* Build configuration list for PBXNativeTarget "runtimePractice" */ = {
			isa = XCConfigurationList;
			buildConfigurations = (
				74C8EF4A1CE57B1E009ACE42 /* Debug */,
				74C8EF4B1CE57B1E009ACE42 /* Release */,
			);
			defaultConfigurationIsVisible = 0;
		};
		74C8EF4C1CE57B1E009ACE42 /* Build configuration list for PBXNativeTarget "runtimePracticeTests" */ = {
			isa = XCConfigurationList;
			buildConfigurations = (
				74C8EF4D1CE57B1E009ACE42 /* Debug */,
				74C8EF4E1CE57B1E009ACE42 /* Release */,
			);
			defaultConfigurationIsVisible = 0;
		};
		74C8EF4F1CE57B1E009ACE42 /* Build configuration list for PBXNativeTarget "runtimePracticeUITests" */ = {
			isa = XCConfigurationList;
			buildConfigurations = (
				74C8EF501CE57B1E009ACE42 /* Debug */,
				74C8EF511CE57B1E009ACE42 /* Release */,
			);
			defaultConfigurationIsVisible = 0;
		};
/* End XCConfigurationList section */
	};
	rootObject = 74C8EF141CE57B1E009ACE42 /* Project object */;
}
